{
  "name": "com.salam.memespool",
  "version": "1.0.0",
  "lockfileVersion": 1,
  "requires": true,
  "dependencies": {
<<<<<<< HEAD
    "@uirouter/angularjs": {
      "version": "1.0.22",
      "resolved": "https://registry.npmjs.org/@uirouter/angularjs/-/angularjs-1.0.22.tgz",
      "integrity": "sha512-d0SvdbXAav+Z6gCJd7gmn2eXEUtO3RvYcSLwtPaE8+7QiWHpSKNfGdD4D3noXhO2yUTz/AwaxsiRFMCwgVI0UQ==",
      "requires": {
        "@uirouter/core": "5.0.23"
      }
    },
    "@uirouter/core": {
      "version": "5.0.23",
      "resolved": "https://registry.npmjs.org/@uirouter/core/-/core-5.0.23.tgz",
      "integrity": "sha512-rwFOH++z/KY8y+h0IOpQ5uC8Nim6E0EBCQrIjhVCr+XKYXgpK+VdtuOLFdogvbJ3AAi5Z7ei00qdEr7Did5CAg=="
    },
=======
>>>>>>> a337a026e8305aaded6ac6d98cdd17b0908f4b1f
    "angular": {
      "version": "1.7.8",
      "resolved": "https://registry.npmjs.org/angular/-/angular-1.7.8.tgz",
      "integrity": "sha512-wtef/y4COxM7ZVhddd7JtAAhyYObq9YXKar9tsW7558BImeVYteJiTxCKeJOL45lJ/+7B4wrAC49j8gTFYEthg=="
<<<<<<< HEAD
    },
    "angular-animate": {
      "version": "1.7.8",
      "resolved": "https://registry.npmjs.org/angular-animate/-/angular-animate-1.7.8.tgz",
      "integrity": "sha512-bINtzizq7TbJzfVrDpwLfTxVl0Qd7fRNWFb5jKYI1vaFZobQNX/QONXlLow6ySsDbZ6eLECycB7mvWtfh1YYaw=="
    },
    "angular-aria": {
      "version": "1.7.8",
      "resolved": "https://registry.npmjs.org/angular-aria/-/angular-aria-1.7.8.tgz",
      "integrity": "sha512-facq/111sZKL2wUUqRA1GnGt+lZ8KAcX9Aw04cNA+OyEkoaoRC77NY4VSOTQxghlSd0OPAdLeFnmETnuiWrpLg=="
    },
    "angular-material": {
      "version": "1.1.20",
      "resolved": "https://registry.npmjs.org/angular-material/-/angular-material-1.1.20.tgz",
      "integrity": "sha512-R2jILX9g7AVvEZbIMqEp8mkjlH/iSrDG150pCSzL7+6PHdi4dYuyXNRtYlpYKe+72Q4fIV4YBYSxepNob3hU9A=="
    },
    "angular-messages": {
      "version": "1.7.8",
      "resolved": "https://registry.npmjs.org/angular-messages/-/angular-messages-1.7.8.tgz",
      "integrity": "sha512-e7Oq4ugdTcAp4kLP9TNOh6mfSsYO2Uwf7NavLuNWqahDGRHYXilo2gcI/vxmFjPBOwAmreXrhYlpGLlJdzxfQg=="
    },
    "angular-route": {
      "version": "1.7.8",
      "resolved": "https://registry.npmjs.org/angular-route/-/angular-route-1.7.8.tgz",
      "integrity": "sha512-VVk89PH0fsY5kfbx+N7IVX1IwnaPWYhMGY0uA+rjej2v1sjvrTx1SLkxUK4E0UpW1hXeLJhN7ncBcwoBiPtAtA=="
=======
>>>>>>> a337a026e8305aaded6ac6d98cdd17b0908f4b1f
    }
  }
}
